# This file is automatically @generated by Cargo.
# It is not intended for manual editing.
version = 4

[[package]]
name = "reccursive-cli"
version = "0.1.0"
dependencies = [
 "reccursive-protocol",
]

[[package]]
name = "reccursive-core"
version = "0.1.0"

[[package]]
name = "reccursive-daemon"
version = "0.1.0"
dependencies = [
 "reccursive-protocol",
 "reccursive-store",
]

[[package]]
name = "reccursive-protocol"
version = "0.1.0"
dependencies = [
 "reccursive-core",
]

[[package]]
name = "reccursive-store"
version = "0.1.0"
dependencies = [
 "reccursive-core",
]
